
Microsoft Visual Studio Solution File, Format Version 12.00
# Visual Studio Version 17
VisualStudioVersion = 17.0.31903.59
MinimumVisualStudioVersion = 10.0.40219.1
Project("{FAE04EC0-301F-11D3-BF4B-00C04F79EFBC}") = "PengyDraft.Contracts", "PengyDraft.Contracts\PengyDraft.Contracts.csproj", "{F7B979CC-FBE9-449D-95E0-BEF189F9AECE}"
EndProject
Project("{FAE04EC0-301F-11D3-BF4B-00C04F79EFBC}") = "PengyDraft", "PengyDraft\PengyDraft.csproj", "{13BC33D7-5E96-4F79-B449-242DFB12A3CE}"
EndProject
Global
	GlobalSection(SolutionConfigurationPlatforms) = preSolution
		Debug|Any CPU = Debug|Any CPU
		Release|Any CPU = Release|Any CPU
	EndGlobalSection
	GlobalSection(SolutionProperties) = preSolution
		HideSolutionNode = FALSE
	EndGlobalSection
	GlobalSection(ProjectConfigurationPlatforms) = postSolution
		{F7B979CC-FBE9-449D-95E0-BEF189F9AECE}.Debug|Any CPU.ActiveCfg = Debug|Any CPU
		{F7B979CC-FBE9-449D-95E0-BEF189F9AECE}.Debug|Any CPU.Build.0 = Debug|Any CPU
		{F7B979CC-FBE9-449D-95E0-BEF189F9AECE}.Release|Any CPU.ActiveCfg = Release|Any CPU
		{F7B979CC-FBE9-449D-95E0-BEF189F9AECE}.Release|Any CPU.Build.0 = Release|Any CPU
		{13BC33D7-5E96-4F79-B449-242DFB12A3CE}.Debug|Any CPU.ActiveCfg = Debug|Any CPU
		{13BC33D7-5E96-4F79-B449-242DFB12A3CE}.Debug|Any CPU.Build.0 = Debug|Any CPU
		{13BC33D7-5E96-4F79-B449-242DFB12A3CE}.Release|Any CPU.ActiveCfg = Release|Any CPU
		{13BC33D7-5E96-4F79-B449-242DFB12A3CE}.Release|Any CPU.Build.0 = Release|Any CPU
	EndGlobalSection
EndGlobal
